
Microsoft Visual Studio Solution File, Format Version 12.00
# Visual Studio Version 17
VisualStudioVersion = 17.11.35219.272
MinimumVisualStudioVersion = 10.0.40219.1
Project("{FAE04EC0-301F-11D3-BF4B-00C04F79EFBC}") = "secondMobileApp", "secondMobileApp.csproj", "{1CBA214F-8A1D-4E96-842C-BE4ED1060233}"
EndProject
Global
	GlobalSection(SolutionConfigurationPlatforms) = preSolution
		Debug|Any CPU = Debug|Any CPU
		Release|Any CPU = Release|Any CPU
	EndGlobalSection
	GlobalSection(ProjectConfigurationPlatforms) = postSolution
		{1CBA214F-8A1D-4E96-842C-BE4ED1060233}.Debug|Any CPU.ActiveCfg = Debug|Any CPU
		{1CBA214F-8A1D-4E96-842C-BE4ED1060233}.Debug|Any CPU.Build.0 = Debug|Any CPU
		{1CBA214F-8A1D-4E96-842C-BE4ED1060233}.Debug|Any CPU.Deploy.0 = Debug|Any CPU
		{1CBA214F-8A1D-4E96-842C-BE4ED1060233}.Release|Any CPU.ActiveCfg = Release|Any CPU
		{1CBA214F-8A1D-4E96-842C-BE4ED1060233}.Release|Any CPU.Build.0 = Release|Any CPU
		{1CBA214F-8A1D-4E96-842C-BE4ED1060233}.Release|Any CPU.Deploy.0 = Release|Any CPU
	EndGlobalSection
	GlobalSection(SolutionProperties) = preSolution
		HideSolutionNode = FALSE
	EndGlobalSection
	GlobalSection(ExtensibilityGlobals) = postSolution
		SolutionGuid = {284CA456-987C-48A6-B1F7-57C584808477}
	EndGlobalSection
EndGlobal
